{
  "name": "assemblyscript-loader",
  "version": "0.0.3",
  "lockfileVersion": 1,
  "dependencies": {
    "@types/long": {
      "version": "3.0.31",
      "resolved": "https://registry.npmjs.org/@types/long/-/long-3.0.31.tgz",
      "integrity": "sha1-CGNbDQ0yJnaUDBqIp6nO9mHG80o="
    },
    "@types/webassembly-js-api": {
      "version": "0.0.1",
      "resolved": "https://registry.npmjs.org/@types/webassembly-js-api/-/webassembly-js-api-0.0.1.tgz",
      "integrity": "sha1-YtULIBB319TMEJuxytoi/f1FI/s="
    },
    "long": {
      "version": "3.2.0",
      "resolved": "https://registry.npmjs.org/long/-/long-3.2.0.tgz",
      "integrity": "sha1-2CG3E4yhy1gcFymQ7xTbIAtcR0s="
    }
  }
}
